{
    "_readme": [
        "This file locks the dependencies of your project to a known state",
        "Read more about it at https://getcomposer.org/doc/01-basic-usage.md#composer-lock-the-lock-file",
        "This file is @generated automatically"
    ],
    "hash": "a7f78bc49be271e36bf86930a16530f8",
    "content-hash": "d9c49dfb2245d8dd2ab9f692d71bf293",
    "packages": [
        {
            "name": "exeu/amazon-ecs-php",
            "version": "V1.3.3",
            "source": {
                "type": "git",
                "url": "https://github.com/Exeu/Amazon-ECS-PHP-Library.git",
                "reference": "0083ec73e3f82b4b215f2db17b384d2529636436"
            },
            "dist": {
                "type": "zip",
                "url": "https://api.github.com/repos/Exeu/Amazon-ECS-PHP-Library/zipball/0083ec73e3f82b4b215f2db17b384d2529636436",
                "reference": "0083ec73e3f82b4b215f2db17b384d2529636436",
                "shasum": ""
            },
            "require": {
                "php": ">=5.2.0"
            },
            "type": "library",
            "autoload": {
                "files": [
                    "lib/AmazonECS.class.php"
                ]
            },
            "notification-url": "https://packagist.org/downloads/",
            "license": [
                "GPL-3.0"
            ],
            "authors": [
                {
                    "name": "Jan Eichhorn",
                    "email": "exeu65@googlemail.com",
                    "role": "Maintainer"
                }
            ],
            "description": "Amazon ECS PHP Library",
            "homepage": "https://github.com/Exeu/Amazon-ECS-PHP-Library",
            "keywords": [
                "ECS",
                "Product Advertising",
                "amazon",
                "soap"
            ],
            "time": "2012-09-16 08:47:12"
        },
        {
            "name": "mikecao/flight",
            "version": "v1.2.18",
            "source": {
                "type": "git",
                "url": "https://github.com/mikecao/flight.git",
                "reference": "b9dfda3fd692421832b650744343b4fce6fe27d6"
            },
            "dist": {
                "type": "zip",
                "url": "https://api.github.com/repos/mikecao/flight/zipball/b9dfda3fd692421832b650744343b4fce6fe27d6",
                "reference": "b9dfda3fd692421832b650744343b4fce6fe27d6",
                "shasum": ""
            },
            "require": {
                "php": ">=5.3.0"
            },
            "require-dev": {
                "phpunit/phpunit": "~4.6"
            },
            "type": "library",
            "autoload": {
                "files": [
                    "flight/autoload.php",
                    "flight/Flight.php"
                ]
            },
            "notification-url": "https://packagist.org/downloads/",
            "license": [
                "MIT"
            ],
            "authors": [
                {
                    "name": "Mike Cao",
                    "email": "mike@mikecao.com",
                    "homepage": "http://www.mikecao.com/",
                    "role": "Original Developer"
                }
            ],
            "description": "Flight is a fast, simple, extensible framework for PHP. Flight enables you to quickly and easily build RESTful web applications.",
            "homepage": "http://flightphp.com",
            "time": "2015-12-09 09:06:00"
        }
    ],
    "packages-dev": [],
    "aliases": [],
    "minimum-stability": "stable",
    "stability-flags": [],
    "prefer-stable": false,
    "prefer-lowest": false,
    "platform": [],
    "platform-dev": []
}
